
Microsoft Visual Studio Solution File, Format Version 12.00
# Visual Studio Version 16
VisualStudioVersion = 16.0.29905.134
MinimumVisualStudioVersion = 10.0.40219.1
Project("{9A19103F-16F7-4668-BE54-9A1E7A4F7556}") = "GAMERS TECH", "GAMERS TECH.csproj", "{18C6F704-F0A0-40F0-BAF6-C733AC2AF169}"
EndProject
Project("{9A19103F-16F7-4668-BE54-9A1E7A4F7556}") = "ConnectionsServer", "..\ConnectionsServer\ConnectionsServer.csproj", "{2274D17E-23FE-4BD5-9A72-8C35926B6B93}"
EndProject
Global
	GlobalSection(SolutionConfigurationPlatforms) = preSolution
		Debug|Any CPU = Debug|Any CPU
		Debug|x64 = Debug|x64
		Release|Any CPU = Release|Any CPU
		Release|x64 = Release|x64
	EndGlobalSection
	GlobalSection(ProjectConfigurationPlatforms) = postSolution
		{18C6F704-F0A0-40F0-BAF6-C733AC2AF169}.Debug|Any CPU.ActiveCfg = Debug|Any CPU
		{18C6F704-F0A0-40F0-BAF6-C733AC2AF169}.Debug|Any CPU.Build.0 = Debug|Any CPU
		{18C6F704-F0A0-40F0-BAF6-C733AC2AF169}.Debug|x64.ActiveCfg = Debug|x64
		{18C6F704-F0A0-40F0-BAF6-C733AC2AF169}.Debug|x64.Build.0 = Debug|x64
		{18C6F704-F0A0-40F0-BAF6-C733AC2AF169}.Release|Any CPU.ActiveCfg = Release|Any CPU
		{18C6F704-F0A0-40F0-BAF6-C733AC2AF169}.Release|Any CPU.Build.0 = Release|Any CPU
		{18C6F704-F0A0-40F0-BAF6-C733AC2AF169}.Release|x64.ActiveCfg = Release|x64
		{18C6F704-F0A0-40F0-BAF6-C733AC2AF169}.Release|x64.Build.0 = Release|x64
		{2274D17E-23FE-4BD5-9A72-8C35926B6B93}.Debug|Any CPU.ActiveCfg = Debug|Any CPU
		{2274D17E-23FE-4BD5-9A72-8C35926B6B93}.Debug|Any CPU.Build.0 = Debug|Any CPU
		{2274D17E-23FE-4BD5-9A72-8C35926B6B93}.Debug|x64.ActiveCfg = Debug|Any CPU
		{2274D17E-23FE-4BD5-9A72-8C35926B6B93}.Debug|x64.Build.0 = Debug|Any CPU
		{2274D17E-23FE-4BD5-9A72-8C35926B6B93}.Release|Any CPU.ActiveCfg = Release|Any CPU
		{2274D17E-23FE-4BD5-9A72-8C35926B6B93}.Release|Any CPU.Build.0 = Release|Any CPU
		{2274D17E-23FE-4BD5-9A72-8C35926B6B93}.Release|x64.ActiveCfg = Release|Any CPU
		{2274D17E-23FE-4BD5-9A72-8C35926B6B93}.Release|x64.Build.0 = Release|Any CPU
	EndGlobalSection
	GlobalSection(SolutionProperties) = preSolution
		HideSolutionNode = FALSE
	EndGlobalSection
	GlobalSection(ExtensibilityGlobals) = postSolution
		SolutionGuid = {5181D2EC-FE3C-4BA1-BE22-82A756075D13}
	EndGlobalSection
EndGlobal
